// !$*UTF8*$!
{
	archiveVersion = 1;
	classes = {
	};
	objectVersion = 56;
	objects = {

/* Begin PBXBuildFile section */
		E95109412B3EF7D000BED358 /* CarsApp.swift in Sources */ = {isa = PBXBuildFile; fileRef = E95109402B3EF7D000BED358 /* CarsApp.swift */; };
		E95109452B3EF7D200BED358 /* Assets.xcassets in Resources */ = {isa = PBXBuildFile; fileRef = E95109442B3EF7D200BED358 /* Assets.xcassets */; };
		E95109482B3EF7D200BED358 /* Preview Assets.xcassets in Resources */ = {isa = PBXBuildFile; fileRef = E95109472B3EF7D200BED358 /* Preview Assets.xcassets */; };
		E95109592B3EFE5A00BED358 /* SplashView.swift in Sources */ = {isa = PBXBuildFile; fileRef = E95109582B3EFE5A00BED358 /* SplashView.swift */; };
		E951095B2B3F00E900BED358 /* HomeView.swift in Sources */ = {isa = PBXBuildFile; fileRef = E951095A2B3F00E900BED358 /* HomeView.swift */; };
		E951095E2B3F01A900BED358 /* Car.xcdatamodeld in Sources */ = {isa = PBXBuildFile; fileRef = E951095C2B3F01A900BED358 /* Car.xcdatamodeld */; };
		E95109602B3F02C000BED358 /* Date+Ex.swift in Sources */ = {isa = PBXBuildFile; fileRef = E951095F2B3F02C000BED358 /* Date+Ex.swift */; };
		E95109622B3F02CA00BED358 /* Color+Ex.swift in Sources */ = {isa = PBXBuildFile; fileRef = E95109612B3F02CA00BED358 /* Color+Ex.swift */; };
		E95109642B3F067F00BED358 /* YearPicker.swift in Sources */ = {isa = PBXBuildFile; fileRef = E95109632B3F067F00BED358 /* YearPicker.swift */; };
		E95109662B3F069000BED358 /* CustomTextField.swift in Sources */ = {isa = PBXBuildFile; fileRef = E95109652B3F069000BED358 /* CustomTextField.swift */; };
		E95109682B3F06A400BED358 /* CustomCornerShape.swift in Sources */ = {isa = PBXBuildFile; fileRef = E95109672B3F06A400BED358 /* CustomCornerShape.swift */; };
		E951096A2B3F0D8D00BED358 /* CarCellDragGestureView.swift in Sources */ = {isa = PBXBuildFile; fileRef = E95109692B3F0D8D00BED358 /* CarCellDragGestureView.swift */; };
		E951096C2B3F127200BED358 /* ImagePicker.swift in Sources */ = {isa = PBXBuildFile; fileRef = E951096B2B3F127200BED358 /* ImagePicker.swift */; };
		E951096E2B3F159B00BED358 /* View+Ex.swift in Sources */ = {isa = PBXBuildFile; fileRef = E951096D2B3F159B00BED358 /* View+Ex.swift */; };
/* End PBXBuildFile section */

/* Begin PBXFileReference section */
		E951093D2B3EF7D000BED358 /* Cars.app */ = {isa = PBXFileReference; explicitFileType = wrapper.application; includeInIndex = 0; path = Cars.app; sourceTree = BUILT_PRODUCTS_DIR; };
		E95109402B3EF7D000BED358 /* CarsApp.swift */ = {isa = PBXFileReference; lastKnownFileType = sourcecode.swift; path = CarsApp.swift; sourceTree = "<group>"; };
		E95109442B3EF7D200BED358 /* Assets.xcassets */ = {isa = PBXFileReference; lastKnownFileType = folder.assetcatalog; path = Assets.xcassets; sourceTree = "<group>"; };
		E95109472B3EF7D200BED358 /* Preview Assets.xcassets */ = {isa = PBXFileReference; lastKnownFileType = folder.assetcatalog; path = "Preview Assets.xcassets"; sourceTree = "<group>"; };
		E95109582B3EFE5A00BED358 /* SplashView.swift */ = {isa = PBXFileReference; lastKnownFileType = sourcecode.swift; path = SplashView.swift; sourceTree = "<group>"; };
		E951095A2B3F00E900BED358 /* HomeView.swift */ = {isa = PBXFileReference; lastKnownFileType = sourcecode.swift; path = HomeView.swift; sourceTree = "<group>"; };
		E951095D2B3F01A900BED358 /* Car.xcdatamodel */ = {isa = PBXFileReference; lastKnownFileType = wrapper.xcdatamodel; path = Car.xcdatamodel; sourceTree = "<group>"; };
		E951095F2B3F02C000BED358 /* Date+Ex.swift */ = {isa = PBXFileReference; lastKnownFileType = sourcecode.swift; path = "Date+Ex.swift"; sourceTree = "<group>"; };
		E95109612B3F02CA00BED358 /* Color+Ex.swift */ = {isa = PBXFileReference; lastKnownFileType = sourcecode.swift; path = "Color+Ex.swift"; sourceTree = "<group>"; };
		E95109632B3F067F00BED358 /* YearPicker.swift */ = {isa = PBXFileReference; lastKnownFileType = sourcecode.swift; path = YearPicker.swift; sourceTree = "<group>"; };
		E95109652B3F069000BED358 /* CustomTextField.swift */ = {isa = PBXFileReference; lastKnownFileType = sourcecode.swift; path = CustomTextField.swift; sourceTree = "<group>"; };
		E95109672B3F06A400BED358 /* CustomCornerShape.swift */ = {isa = PBXFileReference; lastKnownFileType = sourcecode.swift; path = CustomCornerShape.swift; sourceTree = "<group>"; };
		E95109692B3F0D8D00BED358 /* CarCellDragGestureView.swift */ = {isa = PBXFileReference; lastKnownFileType = sourcecode.swift; path = CarCellDragGestureView.swift; sourceTree = "<group>"; };
		E951096B2B3F127200BED358 /* ImagePicker.swift */ = {isa = PBXFileReference; lastKnownFileType = sourcecode.swift; path = ImagePicker.swift; sourceTree = "<group>"; };
		E951096D2B3F159B00BED358 /* View+Ex.swift */ = {isa = PBXFileReference; lastKnownFileType = sourcecode.swift; path = "View+Ex.swift"; sourceTree = "<group>"; };
/* End PBXFileReference section */

/* Begin PBXFrameworksBuildPhase section */
		E951093A2B3EF7D000BED358 /* Frameworks */ = {
			isa = PBXFrameworksBuildPhase;
			buildActionMask = 2147483647;
			files = (
			);
			runOnlyForDeploymentPostprocessing = 0;
		};
/* End PBXFrameworksBuildPhase section */

/* Begin PBXGroup section */
		E95109342B3EF7D000BED358 = {
			isa = PBXGroup;
			children = (
				E951093F2B3EF7D000BED358 /* Cars */,
				E951093E2B3EF7D000BED358 /* Products */,
			);
			sourceTree = "<group>";
		};
		E951093E2B3EF7D000BED358 /* Products */ = {
			isa = PBXGroup;
			children = (
				E951093D2B3EF7D000BED358 /* Cars.app */,
			);
			name = Products;
			sourceTree = "<group>";
		};
		E951093F2B3EF7D000BED358 /* Cars */ = {
			isa = PBXGroup;
			children = (
				E951094E2B3EF9EC00BED358 /* Model */,
				E951094F2B3EFA1E00BED358 /* View */,
				E95109502B3EFA2700BED358 /* ViewModel */,
				E95109572B3EFAAB00BED358 /* Services */,
				E95109562B3EFAA300BED358 /* Helpers */,
				E95109552B3EFA9600BED358 /* CustomComponents */,
				E95109512B3EFA2F00BED358 /* UIExtensions */,
				E95109522B3EFA3700BED358 /* Extensions */,
				E95109532B3EFA4100BED358 /* Resources */,
				E95109462B3EF7D200BED358 /* Preview Content */,
			);
			path = Cars;
			sourceTree = "<group>";
		};
		E95109462B3EF7D200BED358 /* Preview Content */ = {
			isa = PBXGroup;
			children = (
				E95109472B3EF7D200BED358 /* Preview Assets.xcassets */,
			);
			path = "Preview Content";
			sourceTree = "<group>";
		};
		E951094E2B3EF9EC00BED358 /* Model */ = {
			isa = PBXGroup;
			children = (
				E951095C2B3F01A900BED358 /* Car.xcdatamodeld */,
			);
			path = Model;
			sourceTree = "<group>";
		};
		E951094F2B3EFA1E00BED358 /* View */ = {
			isa = PBXGroup;
			children = (
				E95109582B3EFE5A00BED358 /* SplashView.swift */,
				E951095A2B3F00E900BED358 /* HomeView.swift */,
			);
			path = View;
			sourceTree = "<group>";
		};
		E95109502B3EFA2700BED358 /* ViewModel */ = {
			isa = PBXGroup;
			children = (
			);
			path = ViewModel;
			sourceTree = "<group>";
		};
		E95109512B3EFA2F00BED358 /* UIExtensions */ = {
			isa = PBXGroup;
			children = (
				E951096D2B3F159B00BED358 /* View+Ex.swift */,
			);
			path = UIExtensions;
			sourceTree = "<group>";
		};
		E95109522B3EFA3700BED358 /* Extensions */ = {
			isa = PBXGroup;
			children = (
				E951095F2B3F02C000BED358 /* Date+Ex.swift */,
				E95109612B3F02CA00BED358 /* Color+Ex.swift */,
			);
			path = Extensions;
			sourceTree = "<group>";
		};
		E95109532B3EFA4100BED358 /* Resources */ = {
			isa = PBXGroup;
			children = (
				E95109542B3EFA4B00BED358 /* Assets */,
				E95109402B3EF7D000BED358 /* CarsApp.swift */,
			);
			path = Resources;
			sourceTree = "<group>";
		};
		E95109542B3EFA4B00BED358 /* Assets */ = {
			isa = PBXGroup;
			children = (
				E95109442B3EF7D200BED358 /* Assets.xcassets */,
			);
			path = Assets;
			sourceTree = "<group>";
		};
		E95109552B3EFA9600BED358 /* CustomComponents */ = {
			isa = PBXGroup;
			children = (
				E95109672B3F06A400BED358 /* CustomCornerShape.swift */,
				E95109652B3F069000BED358 /* CustomTextField.swift */,
				E95109632B3F067F00BED358 /* YearPicker.swift */,
				E95109692B3F0D8D00BED358 /* CarCellDragGestureView.swift */,
			);
			path = CustomComponents;
			sourceTree = "<group>";
		};
		E95109562B3EFAA300BED358 /* Helpers */ = {
			isa = PBXGroup;
			children = (
				E951096B2B3F127200BED358 /* ImagePicker.swift */,
			);
			path = Helpers;
			sourceTree = "<group>";
		};
		E95109572B3EFAAB00BED358 /* Services */ = {
			isa = PBXGroup;
			children = (
			);
			path = Services;
			sourceTree = "<group>";
		};
/* End PBXGroup section */

/* Begin PBXNativeTarget section */
		E951093C2B3EF7D000BED358 /* Cars */ = {
			isa = PBXNativeTarget;
			buildConfigurationList = E951094B2B3EF7D200BED358 /* Build configuration list for PBXNativeTarget "Cars" */;
			buildPhases = (
				E95109392B3EF7D000BED358 /* Sources */,
				E951093A2B3EF7D000BED358 /* Frameworks */,
				E951093B2B3EF7D000BED358 /* Resources */,
			);
			buildRules = (
			);
			dependencies = (
			);
			name = Cars;
			productName = Cars;
			productReference = E951093D2B3EF7D000BED358 /* Cars.app */;
			productType = "com.apple.product-type.application";
		};
/* End PBXNativeTarget section */

/* Begin PBXProject section */
		E95109352B3EF7D000BED358 /* Project object */ = {
			isa = PBXProject;
			attributes = {
				BuildIndependentTargetsInParallel = 1;
				LastSwiftUpdateCheck = 1510;
				LastUpgradeCheck = 1510;
				TargetAttributes = {
					E951093C2B3EF7D000BED358 = {
						CreatedOnToolsVersion = 15.1;
					};
				};
			};
			buildConfigurationList = E95109382B3EF7D000BED358 /* Build configuration list for PBXProject "Cars" */;
			compatibilityVersion = "Xcode 14.0";
			developmentRegion = en;
			hasScannedForEncodings = 0;
			knownRegions = (
				en,
				Base,
			);
			mainGroup = E95109342B3EF7D000BED358;
			productRefGroup = E951093E2B3EF7D000BED358 /* Products */;
			projectDirPath = "";
			projectRoot = "";
			targets = (
				E951093C2B3EF7D000BED358 /* Cars */,
			);
		};
/* End PBXProject section */

/* Begin PBXResourcesBuildPhase section */
		E951093B2B3EF7D000BED358 /* Resources */ = {
			isa = PBXResourcesBuildPhase;
			buildActionMask = 2147483647;
			files = (
				E95109482B3EF7D200BED358 /* Preview Assets.xcassets in Resources */,
				E95109452B3EF7D200BED358 /* Assets.xcassets in Resources */,
			);
			runOnlyForDeploymentPostprocessing = 0;
		};
/* End PBXResourcesBuildPhase section */

/* Begin PBXSourcesBuildPhase section */
		E95109392B3EF7D000BED358 /* Sources */ = {
			isa = PBXSourcesBuildPhase;
			buildActionMask = 2147483647;
			files = (
				E951095B2B3F00E900BED358 /* HomeView.swift in Sources */,
				E951096A2B3F0D8D00BED358 /* CarCellDragGestureView.swift in Sources */,
				E95109412B3EF7D000BED358 /* CarsApp.swift in Sources */,
				E95109682B3F06A400BED358 /* CustomCornerShape.swift in Sources */,
				E95109622B3F02CA00BED358 /* Color+Ex.swift in Sources */,
				E951095E2B3F01A900BED358 /* Car.xcdatamodeld in Sources */,
				E95109662B3F069000BED358 /* CustomTextField.swift in Sources */,
				E951096C2B3F127200BED358 /* ImagePicker.swift in Sources */,
				E95109642B3F067F00BED358 /* YearPicker.swift in Sources */,
				E95109592B3EFE5A00BED358 /* SplashView.swift in Sources */,
				E95109602B3F02C000BED358 /* Date+Ex.swift in Sources */,
				E951096E2B3F159B00BED358 /* View+Ex.swift in Sources */,
			);
			runOnlyForDeploymentPostprocessing = 0;
		};
/* End PBXSourcesBuildPhase section */

/* Begin XCBuildConfiguration section */
		E95109492B3EF7D200BED358 /* Debug */ = {
			isa = XCBuildConfiguration;
			buildSettings = {
				ALWAYS_SEARCH_USER_PATHS = NO;
				ASSETCATALOG_COMPILER_GENERATE_SWIFT_ASSET_SYMBOL_EXTENSIONS = YES;
				CLANG_ANALYZER_NONNULL = YES;
				CLANG_ANALYZER_NUMBER_OBJECT_CONVERSION = YES_AGGRESSIVE;
				CLANG_CXX_LANGUAGE_STANDARD = "gnu++20";
				CLANG_ENABLE_MODULES = YES;
				CLANG_ENABLE_OBJC_ARC = YES;
				CLANG_ENABLE_OBJC_WEAK = YES;
				CLANG_WARN_BLOCK_CAPTURE_AUTORELEASING = YES;
				CLANG_WARN_BOOL_CONVERSION = YES;
				CLANG_WARN_COMMA = YES;
				CLANG_WARN_CONSTANT_CONVERSION = YES;
				CLANG_WARN_DEPRECATED_OBJC_IMPLEMENTATIONS = YES;
				CLANG_WARN_DIRECT_OBJC_ISA_USAGE = YES_ERROR;
				CLANG_WARN_DOCUMENTATION_COMMENTS = YES;
				CLANG_WARN_EMPTY_BODY = YES;
				CLANG_WARN_ENUM_CONVERSION = YES;
				CLANG_WARN_INFINITE_RECURSION = YES;
				CLANG_WARN_INT_CONVERSION = YES;
				CLANG_WARN_NON_LITERAL_NULL_CONVERSION = YES;
				CLANG_WARN_OBJC_IMPLICIT_RETAIN_SELF = YES;
				CLANG_WARN_OBJC_LITERAL_CONVERSION = YES;
				CLANG_WARN_OBJC_ROOT_CLASS = YES_ERROR;
				CLANG_WARN_QUOTED_INCLUDE_IN_FRAMEWORK_HEADER = YES;
				CLANG_WARN_RANGE_LOOP_ANALYSIS = YES;
				CLANG_WARN_STRICT_PROTOTYPES = YES;
				CLANG_WARN_SUSPICIOUS_MOVE = YES;
				CLANG_WARN_UNGUARDED_AVAILABILITY = YES_AGGRESSIVE;
				CLANG_WARN_UNREACHABLE_CODE = YES;
				CLANG_WARN__DUPLICATE_METHOD_MATCH = YES;
				COPY_PHASE_STRIP = NO;
				DEBUG_INFORMATION_FORMAT = dwarf;
				ENABLE_STRICT_OBJC_MSGSEND = YES;
				ENABLE_TESTABILITY = YES;
				ENABLE_USER_SCRIPT_SANDBOXING = YES;
				GCC_C_LANGUAGE_STANDARD = gnu17;
				GCC_DYNAMIC_NO_PIC = NO;
				GCC_NO_COMMON_BLOCKS = YES;
				GCC_OPTIMIZATION_LEVEL = 0;
				GCC_PREPROCESSOR_DEFINITIONS = (
					"DEBUG=1",
					"$(inherited)",
				);
				GCC_WARN_64_TO_32_BIT_CONVERSION = YES;
				GCC_WARN_ABOUT_RETURN_TYPE = YES_ERROR;
				GCC_WARN_UNDECLARED_SELECTOR = YES;
				GCC_WARN_UNINITIALIZED_AUTOS = YES_AGGRESSIVE;
				GCC_WARN_UNUSED_FUNCTION = YES;
				GCC_WARN_UNUSED_VARIABLE = YES;
				IPHONEOS_DEPLOYMENT_TARGET = 17.2;
				LOCALIZATION_PREFERS_STRING_CATALOGS = YES;
				MTL_ENABLE_DEBUG_INFO = INCLUDE_SOURCE;
				MTL_FAST_MATH = YES;
				ONLY_ACTIVE_ARCH = YES;
				SDKROOT = iphoneos;
				SWIFT_ACTIVE_COMPILATION_CONDITIONS = "DEBUG $(inherited)";
				SWIFT_OPTIMIZATION_LEVEL = "-Onone";
			};
			name = Debug;
		};
		E951094A2B3EF7D200BED358 /* Release */ = {
			isa = XCBuildConfiguration;
			buildSettings = {
				ALWAYS_SEARCH_USER_PATHS = NO;
				ASSETCATALOG_COMPILER_GENERATE_SWIFT_ASSET_SYMBOL_EXTENSIONS = YES;
				CLANG_ANALYZER_NONNULL = YES;
				CLANG_ANALYZER_NUMBER_OBJECT_CONVERSION = YES_AGGRESSIVE;
				CLANG_CXX_LANGUAGE_STANDARD = "gnu++20";
				CLANG_ENABLE_MODULES = YES;
				CLANG_ENABLE_OBJC_ARC = YES;
				CLANG_ENABLE_OBJC_WEAK = YES;
				CLANG_WARN_BLOCK_CAPTURE_AUTORELEASING = YES;
				CLANG_WARN_BOOL_CONVERSION = YES;
				CLANG_WARN_COMMA = YES;
				CLANG_WARN_CONSTANT_CONVERSION = YES;
				CLANG_WARN_DEPRECATED_OBJC_IMPLEMENTATIONS = YES;
				CLANG_WARN_DIRECT_OBJC_ISA_USAGE = YES_ERROR;
				CLANG_WARN_DOCUMENTATION_COMMENTS = YES;
				CLANG_WARN_EMPTY_BODY = YES;
				CLANG_WARN_ENUM_CONVERSION = YES;
				CLANG_WARN_INFINITE_RECURSION = YES;
				CLANG_WARN_INT_CONVERSION = YES;
				CLANG_WARN_NON_LITERAL_NULL_CONVERSION = YES;
				CLANG_WARN_OBJC_IMPLICIT_RETAIN_SELF = YES;
				CLANG_WARN_OBJC_LITERAL_CONVERSION = YES;
				CLANG_WARN_OBJC_ROOT_CLASS = YES_ERROR;
				CLANG_WARN_QUOTED_INCLUDE_IN_FRAMEWORK_HEADER = YES;
				CLANG_WARN_RANGE_LOOP_ANALYSIS = YES;
				CLANG_WARN_STRICT_PROTOTYPES = YES;
				CLANG_WARN_SUSPICIOUS_MOVE = YES;
				CLANG_WARN_UNGUARDED_AVAILABILITY = YES_AGGRESSIVE;
				CLANG_WARN_UNREACHABLE_CODE = YES;
				CLANG_WARN__DUPLICATE_METHOD_MATCH = YES;
				COPY_PHASE_STRIP = NO;
				DEBUG_INFORMATION_FORMAT = "dwarf-with-dsym";
				ENABLE_NS_ASSERTIONS = NO;
				ENABLE_STRICT_OBJC_MSGSEND = YES;
				ENABLE_USER_SCRIPT_SANDBOXING = YES;
				GCC_C_LANGUAGE_STANDARD = gnu17;
				GCC_NO_COMMON_BLOCKS = YES;
				GCC_WARN_64_TO_32_BIT_CONVERSION = YES;
				GCC_WARN_ABOUT_RETURN_TYPE = YES_ERROR;
				GCC_WARN_UNDECLARED_SELECTOR = YES;
				GCC_WARN_UNINITIALIZED_AUTOS = YES_AGGRESSIVE;
				GCC_WARN_UNUSED_FUNCTION = YES;
				GCC_WARN_UNUSED_VARIABLE = YES;
				IPHONEOS_DEPLOYMENT_TARGET = 17.2;
				LOCALIZATION_PREFERS_STRING_CATALOGS = YES;
				MTL_ENABLE_DEBUG_INFO = NO;
				MTL_FAST_MATH = YES;
				SDKROOT = iphoneos;
				SWIFT_COMPILATION_MODE = wholemodule;
				VALIDATE_PRODUCT = YES;
			};
			name = Release;
		};
		E951094C2B3EF7D200BED358 /* Debug */ = {
			isa = XCBuildConfiguration;
			buildSettings = {
				ASSETCATALOG_COMPILER_APPICON_NAME = AppIcon;
				ASSETCATALOG_COMPILER_GLOBAL_ACCENT_COLOR_NAME = AccentColor;
				CODE_SIGN_STYLE = Automatic;
				CURRENT_PROJECT_VERSION = 1;
				DEVELOPMENT_ASSET_PATHS = "\"Cars/Preview Content\"";
				DEVELOPMENT_TEAM = G4T7QK2U75;
				ENABLE_PREVIEWS = YES;
				GENERATE_INFOPLIST_FILE = YES;
				INFOPLIST_KEY_UIApplicationSceneManifest_Generation = YES;
				INFOPLIST_KEY_UIApplicationSupportsIndirectInputEvents = YES;
				INFOPLIST_KEY_UILaunchScreen_Generation = YES;
				INFOPLIST_KEY_UISupportedInterfaceOrientations_iPad = "UIInterfaceOrientationPortrait UIInterfaceOrientationPortraitUpsideDown UIInterfaceOrientationLandscapeLeft UIInterfaceOrientationLandscapeRight";
				INFOPLIST_KEY_UISupportedInterfaceOrientations_iPhone = "UIInterfaceOrientationPortrait UIInterfaceOrientationLandscapeLeft UIInterfaceOrientationLandscapeRight";
				LD_RUNPATH_SEARCH_PATHS = (
					"$(inherited)",
					"@executable_path/Frameworks",
				);
				MARKETING_VERSION = 1.0;
				PRODUCT_BUNDLE_IDENTIFIER = com.Apro.Starovoytov.Cars;
				PRODUCT_NAME = "$(TARGET_NAME)";
				SWIFT_EMIT_LOC_STRINGS = YES;
				SWIFT_VERSION = 5.0;
				TARGETED_DEVICE_FAMILY = "1,2";
			};
			name = Debug;
		};
		E951094D2B3EF7D200BED358 /* Release */ = {
			isa = XCBuildConfiguration;
			buildSettings = {
				ASSETCATALOG_COMPILER_APPICON_NAME = AppIcon;
				ASSETCATALOG_COMPILER_GLOBAL_ACCENT_COLOR_NAME = AccentColor;
				CODE_SIGN_STYLE = Automatic;
				CURRENT_PROJECT_VERSION = 1;
				DEVELOPMENT_ASSET_PATHS = "\"Cars/Preview Content\"";
				DEVELOPMENT_TEAM = G4T7QK2U75;
				ENABLE_PREVIEWS = YES;
				GENERATE_INFOPLIST_FILE = YES;
				INFOPLIST_KEY_UIApplicationSceneManifest_Generation = YES;
				INFOPLIST_KEY_UIApplicationSupportsIndirectInputEvents = YES;
				INFOPLIST_KEY_UILaunchScreen_Generation = YES;
				INFOPLIST_KEY_UISupportedInterfaceOrientations_iPad = "UIInterfaceOrientationPortrait UIInterfaceOrientationPortraitUpsideDown UIInterfaceOrientationLandscapeLeft UIInterfaceOrientationLandscapeRight";
				INFOPLIST_KEY_UISupportedInterfaceOrientations_iPhone = "UIInterfaceOrientationPortrait UIInterfaceOrientationLandscapeLeft UIInterfaceOrientationLandscapeRight";
				LD_RUNPATH_SEARCH_PATHS = (
					"$(inherited)",
					"@executable_path/Frameworks",
				);
				MARKETING_VERSION = 1.0;
				PRODUCT_BUNDLE_IDENTIFIER = com.Apro.Starovoytov.Cars;
				PRODUCT_NAME = "$(TARGET_NAME)";
				SWIFT_EMIT_LOC_STRINGS = YES;
				SWIFT_VERSION = 5.0;
				TARGETED_DEVICE_FAMILY = "1,2";
			};
			name = Release;
		};
/* End XCBuildConfiguration section */

/* Begin XCConfigurationList section */
		E95109382B3EF7D000BED358 /* Build configuration list for PBXProject "Cars" */ = {
			isa = XCConfigurationList;
			buildConfigurations = (
				E95109492B3EF7D200BED358 /* Debug */,
				E951094A2B3EF7D200BED358 /* Release */,
			);
			defaultConfigurationIsVisible = 0;
			defaultConfigurationName = Release;
		};
		E951094B2B3EF7D200BED358 /* Build configuration list for PBXNativeTarget "Cars" */ = {
			isa = XCConfigurationList;
			buildConfigurations = (
				E951094C2B3EF7D200BED358 /* Debug */,
				E951094D2B3EF7D200BED358 /* Release */,
			);
			defaultConfigurationIsVisible = 0;
			defaultConfigurationName = Release;
		};
/* End XCConfigurationList section */

/* Begin XCVersionGroup section */
		E951095C2B3F01A900BED358 /* Car.xcdatamodeld */ = {
			isa = XCVersionGroup;
			children = (
				E951095D2B3F01A900BED358 /* Car.xcdatamodel */,
			);
			currentVersion = E951095D2B3F01A900BED358 /* Car.xcdatamodel */;
			path = Car.xcdatamodeld;
			sourceTree = "<group>";
			versionGroupType = wrapper.xcdatamodel;
		};
/* End XCVersionGroup section */
	};
	rootObject = E95109352B3EF7D000BED358 /* Project object */;
}
